
Microsoft Visual Studio Solution File, Format Version 12.00
# Visual Studio Version 17
VisualStudioVersion = 17.6.33712.159
MinimumVisualStudioVersion = 10.0.40219.1
Project("{9A19103F-16F7-4668-BE54-9A1E7A4F7556}") = "VelaAgent", "VelaAgent\VelaAgent.csproj", "{774E0914-6972-43D0-A16C-65EED2C7D729}"
EndProject
Project("{9A19103F-16F7-4668-BE54-9A1E7A4F7556}") = "VelaLib", "VelaLib\VelaLib.csproj", "{27F8BC8B-771E-40DA-978E-E808989222EC}"
EndProject
Project("{9A19103F-16F7-4668-BE54-9A1E7A4F7556}") = "VelaWeb.Server", "VelaWeb.Server\VelaWeb.Server.csproj", "{DD548481-62D5-4FB4-B83E-4B2837D35D5E}"
EndProject
Project("{9A19103F-16F7-4668-BE54-9A1E7A4F7556}") = "Vela.CodeParser.CSharp", "Vela.CodeParser.CSharp\Vela.CodeParser.CSharp.csproj", "{11B1E9E8-7219-458E-AE3C-C88959EDD35C}"
EndProject
Project("{9A19103F-16F7-4668-BE54-9A1E7A4F7556}") = "Vela.CodeParser", "Vela.CodeParser\Vela.CodeParser.csproj", "{61C20665-326A-4565-B6F1-11413364E566}"
EndProject
Project("{9A19103F-16F7-4668-BE54-9A1E7A4F7556}") = "Vela.UnitTest", "Vela.UnitTest\Vela.UnitTest.csproj", "{EE2E0971-CFC2-4DD0-895A-01120199513C}"
EndProject
Global
	GlobalSection(SolutionConfigurationPlatforms) = preSolution
		Debug|Any CPU = Debug|Any CPU
		Release|Any CPU = Release|Any CPU
	EndGlobalSection
	GlobalSection(ProjectConfigurationPlatforms) = postSolution
		{774E0914-6972-43D0-A16C-65EED2C7D729}.Debug|Any CPU.ActiveCfg = Debug|Any CPU
		{774E0914-6972-43D0-A16C-65EED2C7D729}.Debug|Any CPU.Build.0 = Debug|Any CPU
		{774E0914-6972-43D0-A16C-65EED2C7D729}.Release|Any CPU.ActiveCfg = Release|Any CPU
		{774E0914-6972-43D0-A16C-65EED2C7D729}.Release|Any CPU.Build.0 = Release|Any CPU
		{27F8BC8B-771E-40DA-978E-E808989222EC}.Debug|Any CPU.ActiveCfg = Debug|Any CPU
		{27F8BC8B-771E-40DA-978E-E808989222EC}.Debug|Any CPU.Build.0 = Debug|Any CPU
		{27F8BC8B-771E-40DA-978E-E808989222EC}.Release|Any CPU.ActiveCfg = Release|Any CPU
		{27F8BC8B-771E-40DA-978E-E808989222EC}.Release|Any CPU.Build.0 = Release|Any CPU
		{DD548481-62D5-4FB4-B83E-4B2837D35D5E}.Debug|Any CPU.ActiveCfg = Debug|Any CPU
		{DD548481-62D5-4FB4-B83E-4B2837D35D5E}.Debug|Any CPU.Build.0 = Debug|Any CPU
		{DD548481-62D5-4FB4-B83E-4B2837D35D5E}.Release|Any CPU.ActiveCfg = Release|Any CPU
		{DD548481-62D5-4FB4-B83E-4B2837D35D5E}.Release|Any CPU.Build.0 = Release|Any CPU
		{11B1E9E8-7219-458E-AE3C-C88959EDD35C}.Debug|Any CPU.ActiveCfg = Debug|Any CPU
		{11B1E9E8-7219-458E-AE3C-C88959EDD35C}.Debug|Any CPU.Build.0 = Debug|Any CPU
		{11B1E9E8-7219-458E-AE3C-C88959EDD35C}.Release|Any CPU.ActiveCfg = Release|Any CPU
		{11B1E9E8-7219-458E-AE3C-C88959EDD35C}.Release|Any CPU.Build.0 = Release|Any CPU
		{61C20665-326A-4565-B6F1-11413364E566}.Debug|Any CPU.ActiveCfg = Debug|Any CPU
		{61C20665-326A-4565-B6F1-11413364E566}.Debug|Any CPU.Build.0 = Debug|Any CPU
		{61C20665-326A-4565-B6F1-11413364E566}.Release|Any CPU.ActiveCfg = Release|Any CPU
		{61C20665-326A-4565-B6F1-11413364E566}.Release|Any CPU.Build.0 = Release|Any CPU
		{EE2E0971-CFC2-4DD0-895A-01120199513C}.Debug|Any CPU.ActiveCfg = Debug|Any CPU
		{EE2E0971-CFC2-4DD0-895A-01120199513C}.Debug|Any CPU.Build.0 = Debug|Any CPU
		{EE2E0971-CFC2-4DD0-895A-01120199513C}.Release|Any CPU.ActiveCfg = Release|Any CPU
		{EE2E0971-CFC2-4DD0-895A-01120199513C}.Release|Any CPU.Build.0 = Release|Any CPU
	EndGlobalSection
	GlobalSection(SolutionProperties) = preSolution
		HideSolutionNode = FALSE
	EndGlobalSection
	GlobalSection(ExtensibilityGlobals) = postSolution
		SolutionGuid = {888ADAE9-D480-431A-BC3B-CC35D01656E2}
	EndGlobalSection
EndGlobal
