
Microsoft Visual Studio Solution File, Format Version 12.00
# Visual Studio Version 17
VisualStudioVersion = 17.6.33712.159
MinimumVisualStudioVersion = 10.0.40219.1
Project("{9A19103F-16F7-4668-BE54-9A1E7A4F7556}") = "VelaAgent", "VelaAgent\VelaAgent.csproj", "{774E0914-6972-43D0-A16C-65EED2C7D729}"
EndProject
Project("{9A19103F-16F7-4668-BE54-9A1E7A4F7556}") = "VelaLib", "VelaLib\VelaLib.csproj", "{27F8BC8B-771E-40DA-978E-E808989222EC}"
EndProject
Project("{9A19103F-16F7-4668-BE54-9A1E7A4F7556}") = "VelaWeb.Server", "VelaWeb.Server\VelaWeb.Server.csproj", "{DD548481-62D5-4FB4-B83E-4B2837D35D5E}"
EndProject
Project("{FAE04EC0-301F-11D3-BF4B-00C04F79EFBC}") = "VelaService", "VelaService\VelaService.csproj", "{A82E202E-8D72-42DB-AF08-B3F4F0E39E34}"
EndProject
Global
	GlobalSection(SolutionConfigurationPlatforms) = preSolution
		Debug|Any CPU = Debug|Any CPU
		Release|Any CPU = Release|Any CPU
	EndGlobalSection
	GlobalSection(ProjectConfigurationPlatforms) = postSolution
		{774E0914-6972-43D0-A16C-65EED2C7D729}.Debug|Any CPU.ActiveCfg = Debug|Any CPU
		{774E0914-6972-43D0-A16C-65EED2C7D729}.Debug|Any CPU.Build.0 = Debug|Any CPU
		{774E0914-6972-43D0-A16C-65EED2C7D729}.Release|Any CPU.ActiveCfg = Release|Any CPU
		{774E0914-6972-43D0-A16C-65EED2C7D729}.Release|Any CPU.Build.0 = Release|Any CPU
		{27F8BC8B-771E-40DA-978E-E808989222EC}.Debug|Any CPU.ActiveCfg = Debug|Any CPU
		{27F8BC8B-771E-40DA-978E-E808989222EC}.Debug|Any CPU.Build.0 = Debug|Any CPU
		{27F8BC8B-771E-40DA-978E-E808989222EC}.Release|Any CPU.ActiveCfg = Release|Any CPU
		{27F8BC8B-771E-40DA-978E-E808989222EC}.Release|Any CPU.Build.0 = Release|Any CPU
		{DD548481-62D5-4FB4-B83E-4B2837D35D5E}.Debug|Any CPU.ActiveCfg = Debug|Any CPU
		{DD548481-62D5-4FB4-B83E-4B2837D35D5E}.Debug|Any CPU.Build.0 = Debug|Any CPU
		{DD548481-62D5-4FB4-B83E-4B2837D35D5E}.Release|Any CPU.ActiveCfg = Release|Any CPU
		{DD548481-62D5-4FB4-B83E-4B2837D35D5E}.Release|Any CPU.Build.0 = Release|Any CPU
		{A82E202E-8D72-42DB-AF08-B3F4F0E39E34}.Debug|Any CPU.ActiveCfg = Debug|Any CPU
		{A82E202E-8D72-42DB-AF08-B3F4F0E39E34}.Debug|Any CPU.Build.0 = Debug|Any CPU
		{A82E202E-8D72-42DB-AF08-B3F4F0E39E34}.Release|Any CPU.ActiveCfg = Release|Any CPU
		{A82E202E-8D72-42DB-AF08-B3F4F0E39E34}.Release|Any CPU.Build.0 = Release|Any CPU
	EndGlobalSection
	GlobalSection(SolutionProperties) = preSolution
		HideSolutionNode = FALSE
	EndGlobalSection
	GlobalSection(ExtensibilityGlobals) = postSolution
		SolutionGuid = {888ADAE9-D480-431A-BC3B-CC35D01656E2}
	EndGlobalSection
EndGlobal
